<?xml version="1.0" encoding="utf-8"?>
<Project ToolsVersion="4.0" xmlns="http://schemas.microsoft.com/developer/msbuild/2003">
  <ItemGroup>
    <Filter Include="ソース ファイル">
      <UniqueIdentifier>{4FC737F1-C7A5-4376-A066-2A32D752A2FF}</UniqueIdentifier>
      <Extensions>cpp;c;cc;cxx;def;odl;idl;hpj;bat;asm;asmx</Extensions>
    </Filter>
    <Filter Include="ヘッダー ファイル">
      <UniqueIdentifier>{93995380-89BD-4b04-88EB-625FBE52EBFB}</UniqueIdentifier>
      <Extensions>h;hh;hpp;hxx;hm;inl;inc;xsd</Extensions>
    </Filter>
    <Filter Include="リソースファイル">
      <UniqueIdentifier>{f097e302-9564-4671-b7cd-292b40f7111b}</UniqueIdentifier>
    </Filter>
    <Filter Include="ソース ファイル\GameMain">
      <UniqueIdentifier>{ba1201fb-0ee6-4bd1-b5be-d2ca867aea3f}</UniqueIdentifier>
    </Filter>
    <Filter Include="ソース ファイル\GameClear">
      <UniqueIdentifier>{5532b67f-ee2f-48e4-ad8b-74f16ac7b2ad}</UniqueIdentifier>
    </Filter>
    <Filter Include="ソース ファイル\GameTitle">
      <UniqueIdentifier>{9d9ddd33-18d4-4e3f-a898-c3d026dd2e2b}</UniqueIdentifier>
    </Filter>
    <Filter Include="ソース ファイル\GameMain\GamePerdecision">
      <UniqueIdentifier>{2871b7ec-af5d-49af-959d-f3b79ec4b14f}</UniqueIdentifier>
    </Filter>
    <Filter Include="ソース ファイル\GameMain\GameHero">
      <UniqueIdentifier>{611bd499-ef9f-4fa2-9006-4328518aa34f}</UniqueIdentifier>
    </Filter>
    <Filter Include="ソース ファイル\GameMain\GameStage">
      <UniqueIdentifier>{ec455dc7-6e59-4170-8fd1-288c4b2fd603}</UniqueIdentifier>
    </Filter>
    <Filter Include="ソース ファイル\GameMain\GameEnemy">
      <UniqueIdentifier>{cb6eea57-5850-416b-a545-b30e0e1a72c2}</UniqueIdentifier>
    </Filter>
    <Filter Include="ソース ファイル\GameOver">
      <UniqueIdentifier>{0caea7a0-8ccb-4ef4-a224-342a75f87909}</UniqueIdentifier>
    </Filter>
    <Filter Include="ソース ファイル\GameSummary">
      <UniqueIdentifier>{3243770b-aa2c-419f-b343-5457d0c19aa6}</UniqueIdentifier>
    </Filter>
    <Filter Include="ソース ファイル\GameMain\GameEnemy\金次郎">
      <UniqueIdentifier>{1a6fc867-572c-4eb5-bbb8-20084068a581}</UniqueIdentifier>
    </Filter>
    <Filter Include="ソース ファイル\GameMain\GameEnemy\ぬいぐるみ">
      <UniqueIdentifier>{f3b3f2b4-0b53-4b11-89d8-1e0f0fe01b66}</UniqueIdentifier>
    </Filter>
    <Filter Include="ソース ファイル\GameMain\GamePerdecision\一階廊下">
      <UniqueIdentifier>{94e2376e-3948-4cfd-8849-ded60ff98e53}</UniqueIdentifier>
    </Filter>
    <Filter Include="ソース ファイル\GameMain\GamePerdecision\二階廊下">
      <UniqueIdentifier>{59f61f6d-cb02-4dde-ba46-a512e723aa3f}</UniqueIdentifier>
    </Filter>
    <Filter Include="ソース ファイル\GameMain\GameStage\一階廊下">
      <UniqueIdentifier>{cd71748f-9825-4f8e-84da-ce17b781ed7f}</UniqueIdentifier>
    </Filter>
    <Filter Include="ソース ファイル\GameMain\GameStage\二階廊下">
      <UniqueIdentifier>{4f101ead-0bb3-4c0f-b960-dfae1fa744eb}</UniqueIdentifier>
    </Filter>
    <Filter Include="ソース ファイル\GameMain\GamePerdecision\職員室">
      <UniqueIdentifier>{4bff10af-ef88-48a3-9c8c-cce2d856476c}</UniqueIdentifier>
    </Filter>
    <Filter Include="ソース ファイル\GameMain\GameStage\職員室">
      <UniqueIdentifier>{fb2937b7-09e5-4cd4-b3ac-c397045d169d}</UniqueIdentifier>
    </Filter>
    <Filter Include="ソース ファイル\GameMain\GameStage\保健室">
      <UniqueIdentifier>{82c9135a-15bb-4074-be00-d92268228dc4}</UniqueIdentifier>
    </Filter>
    <Filter Include="ソース ファイル\GameMain\GameStage\校長室">
      <UniqueIdentifier>{ea9182d5-8a07-4a86-a744-d2fd8fa0bd06}</UniqueIdentifier>
    </Filter>
    <Filter Include="ソース ファイル\GameMain\GamePerdecision\校長室">
      <UniqueIdentifier>{b335f2a1-fb37-465a-a751-5f850008f86e}</UniqueIdentifier>
    </Filter>
    <Filter Include="ソース ファイル\GameMain\GamePerdecision\保健室">
      <UniqueIdentifier>{f3e3ee12-9615-478a-b302-c04dd0c93f66}</UniqueIdentifier>
    </Filter>
    <Filter Include="ソース ファイル\GameMain\GamePerdecision\当たり判定">
      <UniqueIdentifier>{fa437666-a84c-489c-9eb3-26a6ef4b0c74}</UniqueIdentifier>
    </Filter>
    <Filter Include="ソース ファイル\GameMain\GamePerdecision\家庭科室">
      <UniqueIdentifier>{f93aaab8-0c0d-40c9-b39d-ecfefcfe12ba}</UniqueIdentifier>
    </Filter>
    <Filter Include="ソース ファイル\GameMain\GameStage\家庭科室">
      <UniqueIdentifier>{02dd3b77-9d77-404e-a102-4063b70ebcdd}</UniqueIdentifier>
    </Filter>
    <Filter Include="ソース ファイル\GameMain\GameStage\家庭準備室">
      <UniqueIdentifier>{799e9544-0fda-4b2d-af00-976d9c2aa25e}</UniqueIdentifier>
    </Filter>
    <Filter Include="ソース ファイル\GameMain\GamePerdecision\家庭準備室">
      <UniqueIdentifier>{3d6e7d1b-4504-4a60-8ceb-0064bf4a2826}</UniqueIdentifier>
    </Filter>
  </ItemGroup>
  <ItemGroup>
    <ClCompile Include="GameL\SceneManager.cpp">
      <Filter>リソースファイル</Filter>
    </ClCompile>
    <ClCompile Include="GameL\SceneObjManager.cpp">
      <Filter>リソースファイル</Filter>
    </ClCompile>
    <ClCompile Include="GameL\SetWindow.cpp">
      <Filter>リソースファイル</Filter>
    </ClCompile>
    <ClCompile Include="GameL\UserData.cpp">
      <Filter>リソースファイル</Filter>
    </ClCompile>
    <ClCompile Include="GameL\WICTextureLoader.cpp">
      <Filter>リソースファイル</Filter>
    </ClCompile>
    <ClCompile Include="GameL\WinInputs.cpp">
      <Filter>リソースファイル</Filter>
    </ClCompile>
    <ClCompile Include="GameL\Audio.cpp">
      <Filter>リソースファイル</Filter>
    </ClCompile>
    <ClCompile Include="GameL\DirectXDevice.cpp">
      <Filter>リソースファイル</Filter>
    </ClCompile>
    <ClCompile Include="GameL\Draw2DTex_Source.cpp">
      <Filter>リソースファイル</Filter>
    </ClCompile>
    <ClCompile Include="GameL\DrawFont.cpp">
      <Filter>リソースファイル</Filter>
    </ClCompile>
    <ClCompile Include="GameL\DrawTexture.cpp">
      <Filter>リソースファイル</Filter>
    </ClCompile>
    <ClCompile Include="GameL\GameL_Main.cpp">
      <Filter>リソースファイル</Filter>
    </ClCompile>
    <ClCompile Include="GameL\HitBoxManager.cpp">
      <Filter>リソースファイル</Filter>
    </ClCompile>
    <ClCompile Include="GameL\MultiThread.cpp">
      <Filter>リソースファイル</Filter>
    </ClCompile>
    <ClCompile Include="SceneClear.cpp">
      <Filter>ソース ファイル\GameClear</Filter>
    </ClCompile>
    <ClCompile Include="ObjClear.cpp">
      <Filter>ソース ファイル\GameClear</Filter>
    </ClCompile>
    <ClCompile Include="SceneTitle.cpp">
      <Filter>ソース ファイル\GameTitle</Filter>
    </ClCompile>
    <ClCompile Include="ObjTitle.cpp">
      <Filter>ソース ファイル\GameTitle</Filter>
    </ClCompile>
    <ClCompile Include="ObjHero.cpp">
      <Filter>ソース ファイル\GameMain\GameHero</Filter>
    </ClCompile>
    <ClCompile Include="SceneGameOver.cpp">
      <Filter>ソース ファイル\GameOver</Filter>
    </ClCompile>
    <ClCompile Include="ObjGameOver.cpp">
      <Filter>ソース ファイル\GameOver</Filter>
    </ClCompile>
    <ClCompile Include="ObjBackground.cpp">
      <Filter>ソース ファイル\GameMain\GamePerdecision</Filter>
    </ClCompile>
    <ClCompile Include="SceneCorridor1.cpp">
      <Filter>ソース ファイル\GameMain\GameStage</Filter>
    </ClCompile>
    <ClCompile Include="ObjCorridor1.cpp">
      <Filter>ソース ファイル\GameMain\GamePerdecision</Filter>
    </ClCompile>
    <ClCompile Include="ObjPrologue.cpp">
      <Filter>ソース ファイル\GameSummary</Filter>
    </ClCompile>
    <ClCompile Include="ScenePrologue.cpp">
      <Filter>ソース ファイル\GameSummary</Filter>
    </ClCompile>
    <ClCompile Include="ObjEnemy.cpp">
      <Filter>ソース ファイル\GameMain\GameEnemy\金次郎</Filter>
    </ClCompile>
    <ClCompile Include="ObjEnemy2.cpp">
      <Filter>ソース ファイル\GameMain\GameEnemy\ぬいぐるみ</Filter>
    </ClCompile>
    <ClCompile Include="ObjCorridor1_1.cpp">
      <Filter>ソース ファイル\GameMain\GamePerdecision\一階廊下</Filter>
    </ClCompile>
    <ClCompile Include="ObjCorridor1_2.cpp">
      <Filter>ソース ファイル\GameMain\GamePerdecision\一階廊下</Filter>
    </ClCompile>
    <ClCompile Include="ObjCorridor1_3.cpp">
      <Filter>ソース ファイル\GameMain\GamePerdecision\一階廊下</Filter>
    </ClCompile>
    <ClCompile Include="ObjCorridor2_1.cpp">
      <Filter>ソース ファイル\GameMain\GamePerdecision\二階廊下</Filter>
    </ClCompile>
    <ClCompile Include="ObjCorridor2_2.cpp">
      <Filter>ソース ファイル\GameMain\GamePerdecision\二階廊下</Filter>
    </ClCompile>
    <ClCompile Include="ObjCorridor2_3.cpp">
      <Filter>ソース ファイル\GameMain\GamePerdecision\二階廊下</Filter>
    </ClCompile>
    <ClCompile Include="SceneCorridor1_1.cpp">
      <Filter>ソース ファイル\GameMain\GameStage\一階廊下</Filter>
    </ClCompile>
    <ClCompile Include="SceneCorridor1_2.cpp">
      <Filter>ソース ファイル\GameMain\GameStage\一階廊下</Filter>
    </ClCompile>
    <ClCompile Include="SceneCorridor1_3.cpp">
      <Filter>ソース ファイル\GameMain\GameStage\一階廊下</Filter>
    </ClCompile>
    <ClCompile Include="SceneCorridor2_1.cpp">
      <Filter>ソース ファイル\GameMain\GameStage\二階廊下</Filter>
    </ClCompile>
    <ClCompile Include="SceneCorridor2_2.cpp">
      <Filter>ソース ファイル\GameMain\GameStage\二階廊下</Filter>
    </ClCompile>
    <ClCompile Include="SceneCorridor2_3.cpp">
      <Filter>ソース ファイル\GameMain\GameStage\二階廊下</Filter>
    </ClCompile>
    <ClCompile Include="ObjStaffroom.cpp">
      <Filter>ソース ファイル\GameMain\GamePerdecision\職員室</Filter>
    </ClCompile>
    <ClCompile Include="SceneStaffroom.cpp">
      <Filter>ソース ファイル\GameMain\GameStage\職員室</Filter>
    </ClCompile>
    <ClCompile Include="SceneInfirmary.cpp">
      <Filter>ソース ファイル\GameMain\GameStage\保健室</Filter>
    </ClCompile>
    <ClCompile Include="ScenePrincipaloffice.cpp">
      <Filter>ソース ファイル\GameMain\GameStage\校長室</Filter>
    </ClCompile>
    <ClCompile Include="ObjPrincipaloffice.cpp">
      <Filter>ソース ファイル\GameMain\GamePerdecision\校長室</Filter>
    </ClCompile>
    <ClCompile Include="ObjInfirmary.cpp">
      <Filter>ソース ファイル\GameMain\GamePerdecision\保健室</Filter>
    </ClCompile>
    <ClCompile Include="ObjPerdecision.cpp">
      <Filter>ソース ファイル\GameMain\GamePerdecision\当たり判定</Filter>
    </ClCompile>
    <ClCompile Include="ObjHomeeconomicsroom.cpp">
      <Filter>ソース ファイル\GameMain\GamePerdecision\家庭科室</Filter>
    </ClCompile>
    <ClCompile Include="SceneHomeeconomicsroom.cpp">
      <Filter>ソース ファイル\GameMain\GameStage\家庭科室</Filter>
    </ClCompile>
    <ClCompile Include="ObjHitBox.cpp">
      <Filter>ソース ファイル\GameMain\GamePerdecision\当たり判定</Filter>
    </ClCompile>
    <ClCompile Include="ObjHomepreparationroom.cpp">
      <Filter>ソース ファイル\GameMain\GamePerdecision\家庭準備室</Filter>
    </ClCompile>
    <ClCompile Include="SceneHomepreparationroom.cpp">
      <Filter>ソース ファイル\GameMain\GameStage\家庭準備室</Filter>
    </ClCompile>
  </ItemGroup>
  <ItemGroup>
    <ClInclude Include="GameHead.h">
      <Filter>ヘッダー ファイル</Filter>
    </ClInclude>
    <ClInclude Include="main.h">
      <Filter>ヘッダー ファイル</Filter>
    </ClInclude>
    <ClInclude Include="GameL\SceneManager.h">
      <Filter>リソースファイル</Filter>
    </ClInclude>
    <ClInclude Include="GameL\SceneObjManager.h">
      <Filter>リソースファイル</Filter>
    </ClInclude>
    <ClInclude Include="GameL\SetWindow.h">
      <Filter>リソースファイル</Filter>
    </ClInclude>
    <ClInclude Include="GameL\UserData.h">
      <Filter>リソースファイル</Filter>
    </ClInclude>
    <ClInclude Include="GameL\WICTextureLoader.h">
      <Filter>リソースファイル</Filter>
    </ClInclude>
    <ClInclude Include="GameL\WinInputs.h">
      <Filter>リソースファイル</Filter>
    </ClInclude>
    <ClInclude Include="GameL\Audio.h">
      <Filter>リソースファイル</Filter>
    </ClInclude>
    <ClInclude Include="GameL\DirectXDevice.h">
      <Filter>リソースファイル</Filter>
    </ClInclude>
    <ClInclude Include="GameL\DirectXTex.h">
      <Filter>リソースファイル</Filter>
    </ClInclude>
    <ClInclude Include="GameL\DrawFont.h">
      <Filter>リソースファイル</Filter>
    </ClInclude>
    <ClInclude Include="GameL\DrawTexture.h">
      <Filter>リソースファイル</Filter>
    </ClInclude>
    <ClInclude Include="GameL\HitBoxManager.h">
      <Filter>リソースファイル</Filter>
    </ClInclude>
    <ClInclude Include="GameL\MultiThread.h">
      <Filter>リソースファイル</Filter>
    </ClInclude>
    <ClInclude Include="SceneClear.h">
      <Filter>ソース ファイル\GameClear</Filter>
    </ClInclude>
    <ClInclude Include="ObjClear.h">
      <Filter>ソース ファイル\GameClear</Filter>
    </ClInclude>
    <ClInclude Include="SceneTitle.h">
      <Filter>ソース ファイル\GameTitle</Filter>
    </ClInclude>
    <ClInclude Include="ObjTitle.h">
      <Filter>ソース ファイル\GameTitle</Filter>
    </ClInclude>
    <ClInclude Include="ObjHero.h">
      <Filter>ソース ファイル\GameMain\GameHero</Filter>
    </ClInclude>
    <ClInclude Include="SceneGameOver.h">
      <Filter>ソース ファイル\GameOver</Filter>
    </ClInclude>
    <ClInclude Include="ObjGameOver.h">
      <Filter>ソース ファイル\GameOver</Filter>
    </ClInclude>
    <ClInclude Include="ObjBackground.h">
      <Filter>ソース ファイル\GameMain\GamePerdecision</Filter>
    </ClInclude>
    <ClInclude Include="SceneCorridor1.h">
      <Filter>ソース ファイル\GameMain\GameStage</Filter>
    </ClInclude>
    <ClInclude Include="ObjCorridor1.h">
      <Filter>ソース ファイル\GameMain\GamePerdecision</Filter>
    </ClInclude>
    <ClInclude Include="ObjPrologue.h">
      <Filter>ソース ファイル\GameSummary</Filter>
    </ClInclude>
    <ClInclude Include="ScenePrologue.h">
      <Filter>ソース ファイル\GameSummary</Filter>
    </ClInclude>
    <ClInclude Include="ObjEnemy.h">
      <Filter>ソース ファイル\GameMain\GameEnemy\金次郎</Filter>
    </ClInclude>
    <ClInclude Include="ObjEnemy2.h">
      <Filter>ソース ファイル\GameMain\GameEnemy\ぬいぐるみ</Filter>
    </ClInclude>
    <ClInclude Include="ObjCorridor1_1.h">
      <Filter>ソース ファイル\GameMain\GamePerdecision\一階廊下</Filter>
    </ClInclude>
    <ClInclude Include="ObjCorridor1_2.h">
      <Filter>ソース ファイル\GameMain\GamePerdecision\一階廊下</Filter>
    </ClInclude>
    <ClInclude Include="ObjCorridor1_3.h">
      <Filter>ソース ファイル\GameMain\GamePerdecision\一階廊下</Filter>
    </ClInclude>
    <ClInclude Include="ObjCorridor2_1.h">
      <Filter>ソース ファイル\GameMain\GamePerdecision\二階廊下</Filter>
    </ClInclude>
    <ClInclude Include="ObjCorridor2_2.h">
      <Filter>ソース ファイル\GameMain\GamePerdecision\二階廊下</Filter>
    </ClInclude>
    <ClInclude Include="ObjCorridor2_3.h">
      <Filter>ソース ファイル\GameMain\GamePerdecision\二階廊下</Filter>
    </ClInclude>
    <ClInclude Include="SceneCorridor1_1.h">
      <Filter>ソース ファイル\GameMain\GameStage\一階廊下</Filter>
    </ClInclude>
    <ClInclude Include="SceneCorridor1_2.h">
      <Filter>ソース ファイル\GameMain\GameStage\一階廊下</Filter>
    </ClInclude>
    <ClInclude Include="SceneCorridor1_3.h">
      <Filter>ソース ファイル\GameMain\GameStage\一階廊下</Filter>
    </ClInclude>
    <ClInclude Include="SceneCorridor2_1.h">
      <Filter>ソース ファイル\GameMain\GameStage\二階廊下</Filter>
    </ClInclude>
    <ClInclude Include="SceneCorridor2_2.h">
      <Filter>ソース ファイル\GameMain\GameStage\二階廊下</Filter>
    </ClInclude>
    <ClInclude Include="SceneCorridor2_3.h">
      <Filter>ソース ファイル\GameMain\GameStage\二階廊下</Filter>
    </ClInclude>
    <ClInclude Include="ObjStaffroom.h">
      <Filter>ソース ファイル\GameMain\GamePerdecision\職員室</Filter>
    </ClInclude>
    <ClInclude Include="SceneStaffroom.h">
      <Filter>ソース ファイル\GameMain\GameStage\職員室</Filter>
    </ClInclude>
    <ClInclude Include="SceneInfirmary.h">
      <Filter>ソース ファイル\GameMain\GameStage\保健室</Filter>
    </ClInclude>
    <ClInclude Include="ScenePrincipaloffice.h">
      <Filter>ソース ファイル\GameMain\GameStage\校長室</Filter>
    </ClInclude>
    <ClInclude Include="ObjPrincipaloffice.h">
      <Filter>ソース ファイル\GameMain\GamePerdecision\校長室</Filter>
    </ClInclude>
    <ClInclude Include="ObjInfirmary.h">
      <Filter>ソース ファイル\GameMain\GamePerdecision\保健室</Filter>
    </ClInclude>
    <ClInclude Include="ObjPerdecision.h">
      <Filter>ソース ファイル\GameMain\GamePerdecision\当たり判定</Filter>
    </ClInclude>
    <ClInclude Include="ObjHomeeconomicsroom.h">
      <Filter>ソース ファイル\GameMain\GamePerdecision\家庭科室</Filter>
    </ClInclude>
    <ClInclude Include="SceneHomeeconomicsroom.h">
      <Filter>ソース ファイル\GameMain\GameStage\家庭科室</Filter>
    </ClInclude>
    <ClInclude Include="ObjHitBox.h">
      <Filter>ソース ファイル\GameMain\GamePerdecision\当たり判定</Filter>
    </ClInclude>
    <ClInclude Include="ObjHomepreparationroom.h">
      <Filter>ソース ファイル\GameMain\GamePerdecision\家庭準備室</Filter>
    </ClInclude>
    <ClInclude Include="SceneHomepreparationroom.h">
      <Filter>ソース ファイル\GameMain\GameStage\家庭準備室</Filter>
    </ClInclude>
  </ItemGroup>
  <ItemGroup>
    <None Include="GameL\DirectXTex.inl">
      <Filter>リソースファイル</Filter>
    </None>
  </ItemGroup>
  <ItemGroup>
    <Library Include="GameL\DirectXTex.lib">
      <Filter>リソースファイル</Filter>
    </Library>
  </ItemGroup>
</Project>